
Microsoft Visual Studio Solution File, Format Version 12.00
# Visual Studio Version 17
VisualStudioVersion = 17.1.32407.343
MinimumVisualStudioVersion = 10.0.40219.1
Project("{9A19103F-16F7-4668-BE54-9A1E7A4F7556}") = "CountryWebApp", "CountryWebApp.csproj", "{F7491350-1D6A-4D0C-85EC-C40B7DF32214}"
EndProject
Global
	GlobalSection(SolutionConfigurationPlatforms) = preSolution
		Debug|Any CPU = Debug|Any CPU
		Debug|x64 = Debug|x64
		Release|Any CPU = Release|Any CPU
		Release|x64 = Release|x64
		Test|Any CPU = Test|Any CPU
		Test|x64 = Test|x64
	EndGlobalSection
	GlobalSection(ProjectConfigurationPlatforms) = postSolution
		{F7491350-1D6A-4D0C-85EC-C40B7DF32214}.Debug|Any CPU.ActiveCfg = Debug|Any CPU
		{F7491350-1D6A-4D0C-85EC-C40B7DF32214}.Debug|Any CPU.Build.0 = Debug|Any CPU
		{F7491350-1D6A-4D0C-85EC-C40B7DF32214}.Debug|x64.ActiveCfg = Debug|x64
		{F7491350-1D6A-4D0C-85EC-C40B7DF32214}.Debug|x64.Build.0 = Debug|x64
		{F7491350-1D6A-4D0C-85EC-C40B7DF32214}.Release|Any CPU.ActiveCfg = Release|Any CPU
		{F7491350-1D6A-4D0C-85EC-C40B7DF32214}.Release|Any CPU.Build.0 = Release|Any CPU
		{F7491350-1D6A-4D0C-85EC-C40B7DF32214}.Release|x64.ActiveCfg = Release|x64
		{F7491350-1D6A-4D0C-85EC-C40B7DF32214}.Release|x64.Build.0 = Release|x64
		{F7491350-1D6A-4D0C-85EC-C40B7DF32214}.Test|Any CPU.ActiveCfg = Test|Any CPU
		{F7491350-1D6A-4D0C-85EC-C40B7DF32214}.Test|Any CPU.Build.0 = Test|Any CPU
		{F7491350-1D6A-4D0C-85EC-C40B7DF32214}.Test|x64.ActiveCfg = Debug|Any CPU
		{F7491350-1D6A-4D0C-85EC-C40B7DF32214}.Test|x64.Build.0 = Debug|Any CPU
	EndGlobalSection
	GlobalSection(SolutionProperties) = preSolution
		HideSolutionNode = FALSE
	EndGlobalSection
	GlobalSection(ExtensibilityGlobals) = postSolution
		SolutionGuid = {9F4A1535-AE07-4C2C-B2E3-53FDE78B8A17}
	EndGlobalSection
EndGlobal
